{
  "version": 4,
  "terraform_version": "1.6.3",
  "serial": 112,
  "lineage": "22f4b447-ec5f-e982-db6b-f55352110ff8",
  "outputs": {},
  "resources": [
    {
      "mode": "managed",
      "type": "ncloud_access_control_group",
      "name": "test-acg",
      "provider": "provider[\"registry.terraform.io/navercloudplatform/ncloud\"]",
      "instances": [
        {
          "schema_version": 0,
          "attributes": {
            "access_control_group_no": "143357",
            "description": "",
            "id": "143357",
            "is_default": false,
            "name": "test-acg",
            "vpc_no": "51249"
          },
          "sensitive_attributes": [],
          "private": "bnVsbA==",
          "dependencies": [
            "ncloud_vpc.vpc"
          ]
        }
      ]
    },
    {
      "mode": "managed",
      "type": "ncloud_access_control_group_rule",
      "name": "test-acg-rule",
      "provider": "provider[\"registry.terraform.io/navercloudplatform/ncloud\"]",
      "instances": [
        {
          "schema_version": 0,
          "attributes": {
            "access_control_group_no": "143357",
            "id": "143357",
            "inbound": [
              {
                "description": "SSH",
                "ip_block": "0.0.0.0/0",
                "port_range": "22",
                "protocol": "TCP",
                "source_access_control_group_no": ""
              }
            ],
            "outbound": [],
            "timeouts": null
          },
          "sensitive_attributes": [],
          "private": "eyJlMmJmYjczMC1lY2FhLTExZTYtOGY4OC0zNDM2M2JjN2M0YzAiOnsiY3JlYXRlIjozNjAwMDAwMDAwMDAwLCJkZWxldGUiOjMwMDAwMDAwMDAwMCwidXBkYXRlIjo2MDAwMDAwMDAwMDB9fQ==",
          "dependencies": [
            "ncloud_access_control_group.test-acg",
            "ncloud_vpc.vpc"
          ]
        }
      ]
    },
    {
      "mode": "managed",
      "type": "ncloud_public_ip",
      "name": "public-ip",
      "provider": "provider[\"registry.terraform.io/navercloudplatform/ncloud\"]",
      "instances": [
        {
          "schema_version": 0,
          "attributes": {
            "description": "",
            "id": "20722950",
            "instance_no": "20722950",
            "internet_line_type": null,
            "kind_type": null,
            "public_ip": "223.130.160.251",
            "public_ip_no": "20722950",
            "server_instance_no": "20722836",
            "zone": null
          },
          "sensitive_attributes": [],
          "private": "bnVsbA==",
          "dependencies": [
            "ncloud_server.public-server",
            "ncloud_subnet.public-subnet",
            "ncloud_vpc.vpc"
          ]
        }
      ]
    },
    {
      "mode": "managed",
      "type": "ncloud_route_table_association",
      "name": "route_ass_public",
      "provider": "provider[\"registry.terraform.io/navercloudplatform/ncloud\"]",
      "instances": [
        {
          "schema_version": 0,
          "attributes": {
            "id": "108219:115483",
            "route_table_no": "108219",
            "subnet_no": "115483"
          },
          "sensitive_attributes": [],
          "private": "bnVsbA==",
          "dependencies": [
            "ncloud_subnet.public-subnet",
            "ncloud_vpc.vpc"
          ]
        }
      ]
    },
    {
      "mode": "managed",
      "type": "ncloud_server",
      "name": "public-server",
      "provider": "provider[\"registry.terraform.io/navercloudplatform/ncloud\"]",
      "instances": [
        {
          "schema_version": 0,
          "attributes": {
            "access_control_group_configuration_no_list": null,
            "base_block_storage_disk_detail_type": "HDD",
            "base_block_storage_disk_type": "NET",
            "base_block_storage_size": null,
            "cpu_count": 2,
            "description": "",
            "fee_system_type_code": null,
            "id": "20722836",
            "init_script_no": "",
            "instance_no": "20722836",
            "internet_line_type": null,
            "is_encrypted_base_block_storage_volume": null,
            "is_fee_charging_monitoring": null,
            "is_protect_server_termination": false,
            "login_key_name": "ncp20231116",
            "member_server_image_no": null,
            "memory_size": 4294967296,
            "name": "test-web01",
            "network_interface": [
              {
                "network_interface_no": "3586141",
                "order": 0,
                "private_ip": "172.16.10.6",
                "subnet_no": "115483"
              }
            ],
            "placement_group_no": "",
            "platform_type": "LNX64",
            "port_forwarding_external_port": null,
            "port_forwarding_internal_port": null,
            "port_forwarding_public_ip": null,
            "private_ip": null,
            "public_ip": "",
            "raid_type_name": null,
            "region": null,
            "server_image_name": null,
            "server_image_product_code": "SW.VSVR.OS.LNX64.CNTOS.0708.B050",
            "server_product_code": "SVR.VSVR.HICPU.C002.M004.NET.HDD.B050.G002",
            "subnet_no": "115483",
            "tag_list": [],
            "timeouts": null,
            "user_data": null,
            "vpc_no": "51249",
            "zone": "KR-2"
          },
          "sensitive_attributes": [],
          "private": "eyJlMmJmYjczMC1lY2FhLTExZTYtOGY4OC0zNDM2M2JjN2M0YzAiOnsiY3JlYXRlIjozNjAwMDAwMDAwMDAwLCJkZWxldGUiOjMwMDAwMDAwMDAwMH19",
          "dependencies": [
            "ncloud_subnet.public-subnet",
            "ncloud_vpc.vpc"
          ]
        }
      ]
    },
    {
      "mode": "managed",
      "type": "ncloud_subnet",
      "name": "public-subnet",
      "provider": "provider[\"registry.terraform.io/navercloudplatform/ncloud\"]",
      "instances": [
        {
          "schema_version": 0,
          "attributes": {
            "id": "115483",
            "name": "public-a-subnet",
            "network_acl_no": "78443",
            "subnet": "172.16.10.0/24",
            "subnet_no": "115483",
            "subnet_type": "PUBLIC",
            "usage_type": "GEN",
            "vpc_no": "51249",
            "zone": "KR-2"
          },
          "sensitive_attributes": [],
          "private": "bnVsbA==",
          "dependencies": [
            "ncloud_vpc.vpc"
          ]
        }
      ]
    },
    {
      "mode": "managed",
      "type": "ncloud_vpc",
      "name": "vpc",
      "provider": "provider[\"registry.terraform.io/navercloudplatform/ncloud\"]",
      "instances": [
        {
          "schema_version": 0,
          "attributes": {
            "default_access_control_group_no": "143356",
            "default_network_acl_no": "78443",
            "default_private_route_table_no": "108220",
            "default_public_route_table_no": "108219",
            "id": "51249",
            "ipv4_cidr_block": "172.16.0.0/16",
            "name": "test-vpc",
            "vpc_no": "51249"
          },
          "sensitive_attributes": [],
          "private": "bnVsbA=="
        }
      ]
    }
  ],
  "check_results": null
}
